{
  "name": "gamejam",
  "version": "1.0.0",
  "lockfileVersion": 3,
  "requires": true,
  "packages": {
    "": {
      "name": "gamejam",
      "version": "1.0.0",
      "license": "ISC",
      "dependencies": {
        "fast-simplex-noise": "^4.0.0",
        "gsap": "^3.12.7",
        "open-simplex-noise": "^2.5.0",
        "simplex-noise": "^4.0.3",
        "three": "^0.173.0"
      }
    },
    "node_modules/fast-simplex-noise": {
      "version": "4.0.0",
      "resolved": "https://registry.npmjs.org/fast-simplex-noise/-/fast-simplex-noise-4.0.0.tgz",
      "integrity": "sha512-2zRCJkPdMnPyXNEeI5IYgH555Nbd/j9nC8YVoOm5dmFDjqxuLD888nEAGB8cSUIyxLlNHCZVlZ7AO27Fm3boJA==",
      "license": "Unlicense"
    },
    "node_modules/gsap": {
      "version": "3.12.7",
      "resolved": "https://registry.npmjs.org/gsap/-/gsap-3.12.7.tgz",
      "integrity": "sha512-V4GsyVamhmKefvcAKaoy0h6si0xX7ogwBoBSs2CTJwt7luW0oZzC0LhdkyuKV8PJAXr7Yaj8pMjCKD4GJ+eEMg==",
      "license": "Standard 'no charge' license: https://gsap.com/standard-license. Club GSAP members get more: https://gsap.com/licensing/. Why GreenSock doesn't employ an MIT license: https://gsap.com/why-license/"
    },
    "node_modules/open-simplex-noise": {
      "version": "2.5.0",
      "resolved": "https://registry.npmjs.org/open-simplex-noise/-/open-simplex-noise-2.5.0.tgz",
      "integrity": "sha512-co7x8uWxGcgFtsJNBFqI9ylq+5Isotz2hZR7dsD5Sl+RDPGBeMEG41KAfF+5gF10ksi9Pg6DNpMHEoyTKLbejQ==",
      "license": "Unlicense"
    },
    "node_modules/simplex-noise": {
      "version": "4.0.3",
      "resolved": "https://registry.npmjs.org/simplex-noise/-/simplex-noise-4.0.3.tgz",
      "integrity": "sha512-qSE2I4AngLQG7BXqoZj51jokT4WUXe8mOBrvfOXpci8+6Yu44+/dD5zqDpOx3Ux792eamTd2lLcI8jqFntk/lg==",
      "license": "MIT"
    },
    "node_modules/three": {
      "version": "0.173.0",
      "resolved": "https://registry.npmjs.org/three/-/three-0.173.0.tgz",
      "integrity": "sha512-AUwVmViIEUgBwxJJ7stnF0NkPpZxx1aZ6WiAbQ/Qq61h6I9UR4grXtZDmO8mnlaNORhHnIBlXJ1uBxILEKuVyw==",
      "license": "MIT"
    }
  }
}
